PODS:
  - CloudInfinite (1.5.1):
    - CloudInfinite/CloudInfinite (= 1.5.1)
  - CloudInfinite/AVIF (1.5.1)
  - CloudInfinite/CIDownloader (1.5.1):
    - CloudInfinite/SDWebImage-CloudInfinite
    - QCloudCore/WithoutMTA
  - CloudInfinite/CloudInfinite (1.5.1)
  - CloudInfinite/Loader (1.5.1):
    - CloudInfinite/CloudInfinite
    - QCloudCore/WithoutMTA
  - CloudInfinite/Quic (1.5.1):
    - QCloudQuic
  - CloudInfinite/SDWebImage-CloudInfinite (1.5.1):
    - CloudInfinite/CloudInfinite
    - SDWebImage
  - CloudInfinite/TPG (1.5.1)
  - libwebp (1.2.4):
    - libwebp/demux (= 1.2.4)
    - libwebp/mux (= 1.2.4)
    - libwebp/webp (= 1.2.4)
  - libwebp/demux (1.2.4):
    - libwebp/webp
  - libwebp/mux (1.2.4):
    - libwebp/demux
  - libwebp/webp (1.2.4)
  - Masonry (1.1.0)
  - QCloudCore/WithoutMTA (6.2.5)
  - QCloudQuic (6.3.0):
    - QCloudQuic/Default (= 6.3.0)
  - QCloudQuic/Default (6.3.0)
  - SDWebImage (5.17.0):
    - SDWebImage/Core (= 5.17.0)
  - SDWebImage/Core (5.17.0)
  - SDWebImageWebPCoder (0.13.0):
    - libwebp (~> 1.0)
    - SDWebImage/Core (~> 5.17)

DEPENDENCIES:
  - CloudInfinite (from `../`)
  - CloudInfinite/AVIF (from `../`)
  - CloudInfinite/CIDownloader (from `../`)
  - CloudInfinite/Loader (from `../`)
  - CloudInfinite/Quic (from `../`)
  - CloudInfinite/SDWebImage-CloudInfinite (from `../`)
  - CloudInfinite/TPG (from `../`)
  - Masonry
  - SDWebImageWebPCoder

SPEC REPOS:
  trunk:
    - libwebp
    - Masonry
    - QCloudCore
    - QCloudQuic
    - SDWebImage
    - SDWebImageWebPCoder

EXTERNAL SOURCES:
  CloudInfinite:
    :path: "../"

SPEC CHECKSUMS:
  CloudInfinite: 80416a1ea5627c87f911d39e683be0a722da27bd
  libwebp: f62cb61d0a484ba548448a4bd52aabf150ff6eef
  Masonry: 678fab65091a9290e40e2832a55e7ab731aad201
  QCloudCore: 81d649400ba861fc8e182d135b567d8eefe09e65
  QCloudQuic: 33b71df4e4350b3cfe73dc32cbd8525ddb123b79
  SDWebImage: 750adf017a315a280c60fde706ab1e552a3ae4e9
  SDWebImageWebPCoder: af09429398d99d524cae2fe00f6f0f6e491ed102

PODFILE CHECKSUM: 16525205894066a58d225d30c96cc2f34ce9647d

COCOAPODS: 1.12.1
