PODS:
  - CloudInfinite (1.5.5):
    - CloudInfinite/CloudInfinite (= 1.5.5)
  - CloudInfinite/AVIF (1.5.5):
    - QCloudTrack/Beacon (= 6.4.6)
  - CloudInfinite/CIDownloader (1.5.5):
    - CloudInfinite/SDWebImage-CloudInfinite
    - QCloudCore/WithoutMTA
  - CloudInfinite/CloudInfinite (1.5.5)
  - CloudInfinite/Loader (1.5.5):
    - CloudInfinite/CloudInfinite
    - QCloudCore/WithoutMTA (= 6.4.6)
  - CloudInfinite/Quic (1.5.5):
    - QCloudQuic
  - CloudInfinite/SDWebImage-CloudInfinite (1.5.5):
    - CloudInfinite/CloudInfinite
    - SDWebImage
  - CloudInfinite/TPG (1.5.5):
    - QCloudTrack/Beacon (= 6.4.6)
  - Masonry (1.1.0)
  - QCloudCore/WithoutMTA (6.4.6)
  - QCloudQuic (6.3.9):
    - QCloudQuic/Default (= 6.3.9)
  - QCloudQuic/Default (6.3.9)
  - QCloudTrack/Beacon (6.4.6)
  - SDWebImage (5.21.0):
    - SDWebImage/Core (= 5.21.0)
  - SDWebImage/Core (5.21.0)

DEPENDENCIES:
  - CloudInfinite (from `../`)
  - CloudInfinite/AVIF (from `../`)
  - CloudInfinite/CIDownloader (from `../`)
  - CloudInfinite/Loader (from `../`)
  - CloudInfinite/Quic (from `../`)
  - CloudInfinite/SDWebImage-CloudInfinite (from `../`)
  - CloudInfinite/TPG (from `../`)
  - Masonry

SPEC REPOS:
  trunk:
    - Masonry
    - QCloudCore
    - QCloudQuic
    - QCloudTrack
    - SDWebImage

EXTERNAL SOURCES:
  CloudInfinite:
    :path: "../"

SPEC CHECKSUMS:
  CloudInfinite: 4b114f069c75f5890efa4d0bc755c706f841a61a
  Masonry: 678fab65091a9290e40e2832a55e7ab731aad201
  QCloudCore: 8b7f05d9e82914d8fdfe2e171153e75d3a6726ae
  QCloudQuic: 81e2c29fa8122c1d5e8323a90349683e52c8e101
  QCloudTrack: a4de64e5483ec8667032ac08efec64222de42a19
  SDWebImage: f84b0feeb08d2d11e6a9b843cb06d75ebf5b8868

PODFILE CHECKSUM: 2b4b0e084327cf99d388759a6ff87a5827a25335

COCOAPODS: 1.15.2
